# This file is automatically @generated by Cargo.
# It is not intended for manual editing.
version = 3

[[package]]
name = "enum-iterator"
version = "1.4.1"
source = "registry+https://github.com/rust-lang/crates.io-index"
checksum = "7add3873b5dd076766ee79c8e406ad1a472c385476b9e38849f8eec24f1be689"
dependencies = [
 "enum-iterator-derive",
]

[[package]]
name = "enum-iterator-derive"
version = "1.2.1"
source = "registry+https://github.com/rust-lang/crates.io-index"
checksum = "eecf8589574ce9b895052fa12d69af7a233f99e6107f5cb8dd1044f2a17bfdcb"
dependencies = [
 "proc-macro2",
 "quote",
 "syn",
]

[[package]]
name = "libgdx-xs128"
version = "0.1.3"
source = "registry+https://github.com/rust-lang/crates.io-index"
checksum = "e3ebd6b2ba977b6b04738ea2945b8f0eec5bb8292ca50307be22f92b44cc5c65"

[[package]]
name = "proc-macro2"
version = "1.0.63"
source = "registry+https://github.com/rust-lang/crates.io-index"
checksum = "7b368fba921b0dce7e60f5e04ec15e565b3303972b42bcfde1d0713b881959eb"
dependencies = [
 "unicode-ident",
]

[[package]]
name = "quote"
version = "1.0.28"
source = "registry+https://github.com/rust-lang/crates.io-index"
checksum = "1b9ab9c7eadfd8df19006f1cf1a4aed13540ed5cbc047010ece5826e10825488"
dependencies = [
 "proc-macro2",
]

[[package]]
name = "spire-sieve"
version = "0.1.1"
dependencies = [
 "enum-iterator",
 "libgdx-xs128",
]

[[package]]
name = "syn"
version = "2.0.22"
source = "registry+https://github.com/rust-lang/crates.io-index"
checksum = "2efbeae7acf4eabd6bcdcbd11c92f45231ddda7539edc7806bd1a04a03b24616"
dependencies = [
 "proc-macro2",
 "quote",
 "unicode-ident",
]

[[package]]
name = "unicode-ident"
version = "1.0.9"
source = "registry+https://github.com/rust-lang/crates.io-index"
checksum = "b15811caf2415fb889178633e7724bad2509101cde276048e013b9def5e51fa0"
