# This file is automatically @generated by Cargo.
# It is not intended for manual editing.
version = 3

[[package]]
name = "libgdx-xs128"
version = "0.1.3"
source = "registry+https://github.com/rust-lang/crates.io-index"
checksum = "e3ebd6b2ba977b6b04738ea2945b8f0eec5bb8292ca50307be22f92b44cc5c65"

[[package]]
name = "spire-sieve"
version = "0.1.0"
dependencies = [
 "libgdx-xs128",
]
